
Microsoft Visual Studio Solution File, Format Version 12.00
# Visual Studio 15
VisualStudioVersion = 15.0.27428.2005
MinimumVisualStudioVersion = 10.0.40219.1
Project("{2150E333-8FDC-42A3-9474-1A3956D46DE8}") = "Tests", "Tests", "{B54FE0FE-FB7C-4065-8B45-5A63230820ED}"
EndProject
Project("{FAE04EC0-301F-11D3-BF4B-00C04F79EFBC}") = "CustomQueue.Tests", "Queue.Tests\CustomQueue.Tests.csproj", "{75DD15EE-E1E3-4165-A378-BBC2E9B7A502}"
EndProject
Project("{FAE04EC0-301F-11D3-BF4B-00C04F79EFBC}") = "CustomQueue", "Queue\CustomQueue.csproj", "{262C953E-C579-4160-9E8D-E09AAA5F81B0}"
EndProject
Global
	GlobalSection(SolutionConfigurationPlatforms) = preSolution
		Debug|Any CPU = Debug|Any CPU
		Release|Any CPU = Release|Any CPU
	EndGlobalSection
	GlobalSection(ProjectConfigurationPlatforms) = postSolution
		{75DD15EE-E1E3-4165-A378-BBC2E9B7A502}.Debug|Any CPU.ActiveCfg = Debug|Any CPU
		{75DD15EE-E1E3-4165-A378-BBC2E9B7A502}.Debug|Any CPU.Build.0 = Debug|Any CPU
		{75DD15EE-E1E3-4165-A378-BBC2E9B7A502}.Release|Any CPU.ActiveCfg = Release|Any CPU
		{75DD15EE-E1E3-4165-A378-BBC2E9B7A502}.Release|Any CPU.Build.0 = Release|Any CPU
		{262C953E-C579-4160-9E8D-E09AAA5F81B0}.Debug|Any CPU.ActiveCfg = Debug|Any CPU
		{262C953E-C579-4160-9E8D-E09AAA5F81B0}.Debug|Any CPU.Build.0 = Debug|Any CPU
		{262C953E-C579-4160-9E8D-E09AAA5F81B0}.Release|Any CPU.ActiveCfg = Release|Any CPU
		{262C953E-C579-4160-9E8D-E09AAA5F81B0}.Release|Any CPU.Build.0 = Release|Any CPU
	EndGlobalSection
	GlobalSection(SolutionProperties) = preSolution
		HideSolutionNode = FALSE
	EndGlobalSection
	GlobalSection(NestedProjects) = preSolution
		{75DD15EE-E1E3-4165-A378-BBC2E9B7A502} = {B54FE0FE-FB7C-4065-8B45-5A63230820ED}
	EndGlobalSection
	GlobalSection(ExtensibilityGlobals) = postSolution
		SolutionGuid = {0AC7B529-CEDC-4821-B998-A7C23B5DA44A}
	EndGlobalSection
EndGlobal
